
Microsoft Visual Studio Solution File, Format Version 12.00
# Visual Studio Version 17
VisualStudioVersion = 17.9.34728.123
MinimumVisualStudioVersion = 10.0.40219.1
Project("{FAE04EC0-301F-11D3-BF4B-00C04F79EFBC}") = "KASD17", "KASD17\KASD17.csproj", "{A5D58536-6E53-43A5-B313-0E895AF44F01}"
EndProject
Global
	GlobalSection(SolutionConfigurationPlatforms) = preSolution
		Debug|Any CPU = Debug|Any CPU
		Release|Any CPU = Release|Any CPU
	EndGlobalSection
	GlobalSection(ProjectConfigurationPlatforms) = postSolution
		{A5D58536-6E53-43A5-B313-0E895AF44F01}.Debug|Any CPU.ActiveCfg = Debug|Any CPU
		{A5D58536-6E53-43A5-B313-0E895AF44F01}.Debug|Any CPU.Build.0 = Debug|Any CPU
		{A5D58536-6E53-43A5-B313-0E895AF44F01}.Release|Any CPU.ActiveCfg = Release|Any CPU
		{A5D58536-6E53-43A5-B313-0E895AF44F01}.Release|Any CPU.Build.0 = Release|Any CPU
	EndGlobalSection
	GlobalSection(SolutionProperties) = preSolution
		HideSolutionNode = FALSE
	EndGlobalSection
	GlobalSection(ExtensibilityGlobals) = postSolution
		SolutionGuid = {739A2852-84B8-4342-A0D7-CAB54052CDFB}
	EndGlobalSection
EndGlobal
